
Microsoft Visual Studio Solution File, Format Version 12.00
# Visual Studio Version 17
VisualStudioVersion = 17.10.35027.167
MinimumVisualStudioVersion = 10.0.40219.1
Project("{2150E333-8FDC-42A3-9474-1A3956D46DE8}") = "Services", "Services", "{7EACEBC0-72CD-4992-ABC9-EBDCBE51F481}"
EndProject
Project("{2150E333-8FDC-42A3-9474-1A3956D46DE8}") = "Catalog", "Catalog", "{EAF619D3-0137-453C-9F39-F0AF6A604609}"
EndProject
Project("{FAE04EC0-301F-11D3-BF4B-00C04F79EFBC}") = "Catalog.API", "Services\Catalog\Catalog.API\Catalog.API.csproj", "{59F07BC5-DA80-49D0-901B-2F2E9DE9A1FC}"
EndProject
Global
	GlobalSection(SolutionConfigurationPlatforms) = preSolution
		Debug|Any CPU = Debug|Any CPU
		Release|Any CPU = Release|Any CPU
	EndGlobalSection
	GlobalSection(ProjectConfigurationPlatforms) = postSolution
		{59F07BC5-DA80-49D0-901B-2F2E9DE9A1FC}.Debug|Any CPU.ActiveCfg = Debug|Any CPU
		{59F07BC5-DA80-49D0-901B-2F2E9DE9A1FC}.Debug|Any CPU.Build.0 = Debug|Any CPU
		{59F07BC5-DA80-49D0-901B-2F2E9DE9A1FC}.Release|Any CPU.ActiveCfg = Release|Any CPU
		{59F07BC5-DA80-49D0-901B-2F2E9DE9A1FC}.Release|Any CPU.Build.0 = Release|Any CPU
	EndGlobalSection
	GlobalSection(SolutionProperties) = preSolution
		HideSolutionNode = FALSE
	EndGlobalSection
	GlobalSection(NestedProjects) = preSolution
		{EAF619D3-0137-453C-9F39-F0AF6A604609} = {7EACEBC0-72CD-4992-ABC9-EBDCBE51F481}
		{59F07BC5-DA80-49D0-901B-2F2E9DE9A1FC} = {EAF619D3-0137-453C-9F39-F0AF6A604609}
	EndGlobalSection
	GlobalSection(ExtensibilityGlobals) = postSolution
		SolutionGuid = {1849F2D4-5A12-4803-B447-04BAA3E1FB5C}
	EndGlobalSection
EndGlobal
